{
  "name": "projeto-lista",
  "lockfileVersion": 3,
  "requires": true,
  "packages": {
    "": {
      "dependencies": {
        "lucide": "^0.288.0"
      }
    },
    "node_modules/lucide": {
      "version": "0.288.0",
      "resolved": "https://registry.npmjs.org/lucide/-/lucide-0.288.0.tgz",
      "integrity": "sha512-9jlnsdJjOIVsSY7AO1oh/5NEHVAOHS5mZObrIDuwQnNuUS1mNoxQRyJDB5i7PItEQw34XMcQ9fAdbIIoBFZL4A=="
    }
  }
}
